{
    "name": "integration",
    "version": "1.0.0",
    "lockfileVersion": 2,
    "requires": true,
    "packages": {
        "": {
            "name": "integration",
            "version": "1.0.0",
            "license": "ISC",
            "dependencies": {
                "@types/node": "^14.18.29"
            },
            "devDependencies": {
                "@types/jest": "^29.0.3",
                "@types/supertest": "^2.0.12",
                "@types/tmp": "^0.2.3",
                "jest": "^29.0.3",
                "next": "^12.3.1",
                "supertest": "^6.3.0",
                "tmp": "^0.2.1",
                "ts-jest": "^29.0.1",
                "ts-node": "^10.9.1",
                "typescript": "^4.6.2"
            }
        },
        "../../node_modules/.pnpm/@types+jest@29.0.3/node_modules/@types/jest": {
            "version": "29.0.3",
            "dev": true,
            "license": "MIT",
            "dependencies": {
                "expect": "^29.0.0",
                "pretty-format": "^29.0.0"
            }
        },
        "../../node_modules/.pnpm/@types+node@14.18.29/node_modules/@types/node": {
            "version": "14.18.29",
            "license": "MIT"
        },
        "../../node_modules/.pnpm/@types+supertest@2.0.12/node_modules/@types/supertest": {
            "version": "2.0.12",
            "dev": true,
            "license": "MIT",
            "dependencies": {
                "@types/superagent": "*"
            }
        },
        "../../node_modules/.pnpm/@types+tmp@0.2.3/node_modules/@types/tmp": {
            "version": "0.2.3",
            "dev": true,
            "license": "MIT"
        },
        "../../node_modules/.pnpm/jest@29.0.3_johvxhudwcpndp4mle25vwrlq4/node_modules/jest": {
            "version": "29.0.3",
            "dev": true,
            "license": "MIT",
            "dependencies": {
                "@jest/core": "^29.0.3",
                "@jest/types": "^29.0.3",
                "import-local": "^3.0.2",
                "jest-cli": "^29.0.3"
            },
            "bin": {
                "jest": "bin/jest.js"
            },
            "devDependencies": {
                "@tsd/typescript": "~4.8.2",
                "tsd-lite": "^0.6.0"
            },
            "engines": {
                "node": "^14.15.0 || ^16.10.0 || >=18.0.0"
            },
            "peerDependencies": {
                "node-notifier": "^8.0.1 || ^9.0.0 || ^10.0.0"
            },
            "peerDependenciesMeta": {
                "node-notifier": {
                    "optional": true
                }
            }
        },
        "../../node_modules/.pnpm/next@12.3.1_6tziyx3dehkoeijunclpkpolha/node_modules/next": {
            "version": "12.3.1",
            "dev": true,
            "license": "MIT",
            "dependencies": {
                "@next/env": "12.3.1",
                "@swc/helpers": "0.4.11",
                "caniuse-lite": "^1.0.30001406",
                "postcss": "8.4.14",
                "styled-jsx": "5.0.7",
                "use-sync-external-store": "1.2.0"
            },
            "bin": {
                "next": "dist/bin/next"
            },
            "devDependencies": {
                "@ampproject/toolbox-optimizer": "2.8.3",
                "@babel/code-frame": "7.12.11",
                "@babel/core": "7.18.0",
                "@babel/eslint-parser": "7.18.2",
                "@babel/generator": "7.18.0",
                "@babel/plugin-proposal-class-properties": "7.14.5",
                "@babel/plugin-proposal-export-namespace-from": "7.14.5",
                "@babel/plugin-proposal-numeric-separator": "7.14.5",
                "@babel/plugin-proposal-object-rest-spread": "7.14.7",
                "@babel/plugin-syntax-bigint": "7.8.3",
                "@babel/plugin-syntax-dynamic-import": "7.8.3",
                "@babel/plugin-syntax-import-assertions": "7.16.7",
                "@babel/plugin-syntax-jsx": "7.14.5",
                "@babel/plugin-transform-modules-commonjs": "7.18.0",
                "@babel/plugin-transform-runtime": "7.18.0",
                "@babel/preset-env": "7.18.0",
                "@babel/preset-react": "7.14.5",
                "@babel/preset-typescript": "7.17.12",
                "@babel/runtime": "7.15.4",
                "@babel/traverse": "7.18.0",
                "@babel/types": "7.18.0",
                "@edge-runtime/primitives": "1.1.0-beta.31",
                "@hapi/accept": "5.0.2",
                "@napi-rs/cli": "2.7.0",
                "@napi-rs/triples": "1.1.0",
                "@next/polyfill-module": "12.3.1",
                "@next/polyfill-nomodule": "12.3.1",
                "@next/react-dev-overlay": "12.3.1",
                "@next/react-refresh-utils": "12.3.1",
                "@next/swc": "12.3.1",
                "@segment/ajv-human-errors": "2.1.2",
                "@taskr/clear": "1.1.0",
                "@taskr/esnext": "1.1.0",
                "@taskr/watch": "1.1.0",
                "@types/amphtml-validator": "1.0.0",
                "@types/babel__code-frame": "7.0.2",
                "@types/babel__core": "7.1.12",
                "@types/babel__generator": "7.6.2",
                "@types/babel__template": "7.4.0",
                "@types/babel__traverse": "7.11.0",
                "@types/bytes": "3.1.1",
                "@types/ci-info": "2.0.0",
                "@types/compression": "0.0.36",
                "@types/content-disposition": "0.5.4",
                "@types/content-type": "1.1.3",
                "@types/cookie": "0.3.3",
                "@types/cross-spawn": "6.0.0",
                "@types/debug": "4.1.5",
                "@types/fresh": "0.5.0",
                "@types/glob": "7.1.1",
                "@types/jsonwebtoken": "8.3.7",
                "@types/lodash": "4.14.149",
                "@types/lodash.curry": "4.1.6",
                "@types/lru-cache": "5.1.0",
                "@types/micromatch": "4.0.2",
                "@types/node-fetch": "2.6.1",
                "@types/path-to-regexp": "1.7.0",
                "@types/react": "16.9.17",
                "@types/react-dom": "16.9.4",
                "@types/react-is": "16.7.1",
                "@types/semver": "7.3.1",
                "@types/send": "0.14.4",
                "@types/tar": "4.0.3",
                "@types/text-table": "0.2.1",
                "@types/ua-parser-js": "0.7.36",
                "@types/uuid": "8.3.1",
                "@types/webpack-sources1": "npm:@types/webpack-sources@0.1.5",
                "@types/ws": "8.2.0",
                "@vercel/ncc": "0.34.0",
                "@vercel/nft": "0.22.1",
                "acorn": "8.5.0",
                "ajv": "8.11.0",
                "amphtml-validator": "1.0.35",
                "arg": "4.1.0",
                "assert": "2.0.0",
                "async-retry": "1.2.3",
                "async-sema": "3.0.0",
                "babel-plugin-transform-define": "2.0.0",
                "babel-plugin-transform-react-remove-prop-types": "0.4.24",
                "browserify-zlib": "0.2.0",
                "browserslist": "4.20.2",
                "buffer": "5.6.0",
                "bytes": "3.1.1",
                "chalk": "2.4.2",
                "ci-info": "watson/ci-info#f43f6a1cefff47fb361c88cf4b943fdbcaafe540",
                "cli-select": "1.1.2",
                "comment-json": "3.0.3",
                "compression": "1.7.4",
                "conf": "5.0.0",
                "constants-browserify": "1.0.0",
                "content-disposition": "0.5.3",
                "content-type": "1.0.4",
                "cookie": "0.4.1",
                "cross-spawn": "6.0.5",
                "crypto-browserify": "3.12.0",
                "cssnano-simple": "3.0.1",
                "debug": "4.1.1",
                "devalue": "2.0.1",
                "domain-browser": "4.19.0",
                "edge-runtime": "1.1.0-beta.31",
                "events": "3.3.0",
                "find-cache-dir": "3.3.1",
                "find-up": "4.1.0",
                "fresh": "0.5.2",
                "get-orientation": "1.1.2",
                "glob": "7.1.7",
                "gzip-size": "5.1.1",
                "http-proxy": "1.18.1",
                "https-browserify": "1.0.0",
                "icss-utils": "5.1.0",
                "ignore-loader": "0.1.2",
                "image-size": "1.0.0",
                "is-docker": "2.0.0",
                "is-wsl": "2.2.0",
                "jest-worker": "27.0.0-next.5",
                "json5": "2.2.1",
                "jsonwebtoken": "8.5.1",
                "loader-utils2": "npm:loader-utils@2.0.0",
                "loader-utils3": "npm:loader-utils@3.1.3",
                "lodash.curry": "4.1.1",
                "lru-cache": "5.1.1",
                "micromatch": "4.0.4",
                "mini-css-extract-plugin": "2.4.3",
                "nanoid": "3.1.32",
                "native-url": "0.3.4",
                "neo-async": "2.6.1",
                "node-fetch": "2.6.7",
                "node-html-parser": "5.3.3",
                "ora": "4.0.4",
                "os-browserify": "0.3.0",
                "p-limit": "3.1.0",
                "path-browserify": "1.0.1",
                "path-to-regexp": "6.1.0",
                "postcss-flexbugs-fixes": "5.0.2",
                "postcss-modules-extract-imports": "3.0.0",
                "postcss-modules-local-by-default": "4.0.0",
                "postcss-modules-scope": "3.0.0",
                "postcss-modules-values": "4.0.0",
                "postcss-preset-env": "7.4.3",
                "postcss-safe-parser": "6.0.0",
                "postcss-scss": "4.0.3",
                "postcss-value-parser": "4.2.0",
                "process": "0.11.10",
                "punycode": "2.1.1",
                "querystring-es3": "0.2.1",
                "raw-body": "2.4.1",
                "react-is": "17.0.2",
                "react-refresh": "0.12.0",
                "react-server-dom-webpack": "0.0.0-experimental-8951c5fc9-20220915",
                "regenerator-runtime": "0.13.4",
                "sass-loader": "12.4.0",
                "schema-utils2": "npm:schema-utils@2.7.1",
                "schema-utils3": "npm:schema-utils@3.0.0",
                "semver": "7.3.2",
                "send": "0.17.1",
                "setimmediate": "1.0.5",
                "source-map": "0.6.1",
                "stream-browserify": "3.0.0",
                "stream-http": "3.1.1",
                "string_decoder": "1.3.0",
                "string-hash": "1.1.3",
                "strip-ansi": "6.0.0",
                "tar": "6.1.11",
                "taskr": "1.1.0",
                "terser": "5.14.1",
                "text-table": "0.2.0",
                "timers-browserify": "2.0.12",
                "tty-browserify": "0.0.1",
                "ua-parser-js": "0.7.28",
                "unistore": "3.4.1",
                "util": "0.12.4",
                "uuid": "8.3.2",
                "vm-browserify": "1.1.2",
                "watchpack": "2.4.0",
                "web-vitals": "3.0.0",
                "webpack": "5.74.0",
                "webpack-sources1": "npm:webpack-sources@1.4.3",
                "webpack-sources3": "npm:webpack-sources@3.2.3",
                "ws": "8.2.3"
            },
            "engines": {
                "node": ">=12.22.0"
            },
            "optionalDependencies": {
                "@next/swc-android-arm-eabi": "12.3.1",
                "@next/swc-android-arm64": "12.3.1",
                "@next/swc-darwin-arm64": "12.3.1",
                "@next/swc-darwin-x64": "12.3.1",
                "@next/swc-freebsd-x64": "12.3.1",
                "@next/swc-linux-arm-gnueabihf": "12.3.1",
                "@next/swc-linux-arm64-gnu": "12.3.1",
                "@next/swc-linux-arm64-musl": "12.3.1",
                "@next/swc-linux-x64-gnu": "12.3.1",
                "@next/swc-linux-x64-musl": "12.3.1",
                "@next/swc-win32-arm64-msvc": "12.3.1",
                "@next/swc-win32-ia32-msvc": "12.3.1",
                "@next/swc-win32-x64-msvc": "12.3.1"
            },
            "peerDependencies": {
                "fibers": ">= 3.1.0",
                "node-sass": "^6.0.0 || ^7.0.0",
                "react": "^17.0.2 || ^18.0.0-0",
                "react-dom": "^17.0.2 || ^18.0.0-0",
                "sass": "^1.3.0"
            },
            "peerDependenciesMeta": {
                "fibers": {
                    "optional": true
                },
                "node-sass": {
                    "optional": true
                },
                "sass": {
                    "optional": true
                }
            }
        },
        "../../node_modules/.pnpm/supertest@6.3.0/node_modules/supertest": {
            "version": "6.3.0",
            "dev": true,
            "license": "MIT",
            "dependencies": {
                "methods": "^1.1.2",
                "superagent": "^8.0.0"
            },
            "devDependencies": {
                "body-parser": "^1.20.0",
                "cookie-parser": "^1.4.6",
                "eslint": "^8.18.0",
                "eslint-config-airbnb-base": "^15.0.0",
                "eslint-plugin-import": "^2.26.0",
                "express": "^4.18.1",
                "mocha": "^10.0.0",
                "nock": "^13.2.8",
                "nyc": "^15.1.0",
                "proxyquire": "^2.1.3",
                "should": "^13.2.3"
            },
            "engines": {
                "node": ">=6.4.0"
            }
        },
        "../../node_modules/.pnpm/tmp@0.2.1/node_modules/tmp": {
            "version": "0.2.1",
            "dev": true,
            "license": "MIT",
            "dependencies": {
                "rimraf": "^3.0.0"
            },
            "devDependencies": {
                "eslint": "^6.3.0",
                "eslint-plugin-mocha": "^6.1.1",
                "istanbul": "^0.4.5",
                "lerna-changelog": "^1.0.1",
                "mocha": "^6.2.0"
            },
            "engines": {
                "node": ">=8.17.0"
            }
        },
        "../../node_modules/.pnpm/ts-jest@29.0.1_poggjixajg6vd6yquly7s7dsj4/node_modules/ts-jest": {
            "version": "29.0.1",
            "dev": true,
            "license": "MIT",
            "dependencies": {
                "bs-logger": "0.x",
                "fast-json-stable-stringify": "2.x",
                "jest-util": "^29.0.0",
                "json5": "^2.2.1",
                "lodash.memoize": "4.x",
                "make-error": "1.x",
                "semver": "7.x",
                "yargs-parser": "^21.0.1"
            },
            "bin": {
                "ts-jest": "cli.js"
            },
            "devDependencies": {
                "@commitlint/cli": "17.x",
                "@commitlint/config-angular": "^17.1.0",
                "@jest/transform": "^29.0.3",
                "@jest/types": "^29.0.3",
                "@types/babel__core": "7.x",
                "@types/cross-spawn": "latest",
                "@types/fs-extra": "latest",
                "@types/js-yaml": "latest",
                "@types/lodash.camelcase": "4.x",
                "@types/lodash.memoize": "4.x",
                "@types/lodash.set": "4.x",
                "@types/micromatch": "4.x",
                "@types/node": "17.0.35",
                "@types/node-fetch": "^3.0.3",
                "@types/react": "18.x",
                "@types/rimraf": "^3.0.2",
                "@types/semver": "latest",
                "@types/yargs": "latest",
                "@types/yargs-parser": "21.x",
                "@typescript-eslint/eslint-plugin": "^5.37.0",
                "@typescript-eslint/parser": "^5.37.0",
                "babel-jest": "^29.0.3",
                "conventional-changelog-cli": "2.x",
                "cross-spawn": "latest",
                "esbuild": "~0.15.7",
                "eslint": "^8.23.1",
                "eslint-config-prettier": "latest",
                "eslint-plugin-import": "latest",
                "eslint-plugin-jest": "latest",
                "eslint-plugin-jsdoc": "latest",
                "eslint-plugin-prefer-arrow": "latest",
                "eslint-plugin-prettier": "latest",
                "execa": "5.1.1",
                "fs-extra": "10.x",
                "glob": "^8.0.3",
                "glob-gitignore": "latest",
                "husky": "4.x",
                "jest": "^29.0.3",
                "jest-snapshot-serializer-raw": "^1.2.0",
                "js-yaml": "latest",
                "json-schema-to-typescript": "^11.0.2",
                "lint-staged": "latest",
                "lodash.camelcase": "^4.3.0",
                "lodash.set": "^4.3.2",
                "node-fetch": "^3.2.10",
                "prettier": "^2.7.1",
                "typescript": "~4.8.3"
            },
            "engines": {
                "node": "^14.15.0 || ^16.10.0 || >=18.0.0"
            },
            "peerDependencies": {
                "@babel/core": ">=7.0.0-beta.0 <8",
                "@jest/types": "^29.0.0",
                "babel-jest": "^29.0.0",
                "jest": "^29.0.0",
                "typescript": ">=4.3"
            },
            "peerDependenciesMeta": {
                "@babel/core": {
                    "optional": true
                },
                "@jest/types": {
                    "optional": true
                },
                "babel-jest": {
                    "optional": true
                },
                "esbuild": {
                    "optional": true
                }
            }
        },
        "../../node_modules/.pnpm/ts-node@10.9.1_ck2axrxkiif44rdbzjywaqjysa/node_modules/ts-node": {
            "version": "10.9.1",
            "dev": true,
            "license": "MIT",
            "dependencies": {
                "@cspotcode/source-map-support": "^0.8.0",
                "@tsconfig/node10": "^1.0.7",
                "@tsconfig/node12": "^1.0.7",
                "@tsconfig/node14": "^1.0.0",
                "@tsconfig/node16": "^1.0.2",
                "acorn": "^8.4.1",
                "acorn-walk": "^8.1.1",
                "arg": "^4.1.0",
                "create-require": "^1.1.0",
                "diff": "^4.0.1",
                "make-error": "^1.1.1",
                "v8-compile-cache-lib": "^3.0.1",
                "yn": "3.1.1"
            },
            "bin": {
                "ts-node": "dist/bin.js",
                "ts-node-cwd": "dist/bin-cwd.js",
                "ts-node-esm": "dist/bin-esm.js",
                "ts-node-script": "dist/bin-script.js",
                "ts-node-transpile-only": "dist/bin-transpile.js",
                "ts-script": "dist/bin-script-deprecated.js"
            },
            "devDependencies": {
                "@microsoft/api-extractor": "^7.19.4",
                "@swc/core": ">=1.2.205",
                "@swc/wasm": ">=1.2.205",
                "@types/diff": "^4.0.2",
                "@types/lodash": "^4.14.151",
                "@types/node": "13.13.5",
                "@types/proper-lockfile": "^4.1.2",
                "@types/proxyquire": "^1.3.28",
                "@types/react": "^16.14.19",
                "@types/rimraf": "^3.0.0",
                "@types/semver": "^7.1.0",
                "@yarnpkg/fslib": "^2.4.0",
                "ava": "^3.15.0",
                "axios": "^0.21.1",
                "dprint": "^0.25.0",
                "expect": "^27.0.2",
                "get-stream": "^6.0.0",
                "lodash": "^4.17.15",
                "ntypescript": "^1.201507091536.1",
                "nyc": "^15.0.1",
                "outdent": "^0.8.0",
                "proper-lockfile": "^4.1.2",
                "proxyquire": "^2.0.0",
                "react": "^16.14.0",
                "rimraf": "^3.0.0",
                "semver": "^7.1.3",
                "throat": "^6.0.1",
                "typedoc": "^0.22.10",
                "typescript": "4.7.4",
                "typescript-json-schema": "^0.53.0",
                "util.promisify": "^1.0.1"
            },
            "peerDependencies": {
                "@swc/core": ">=1.2.50",
                "@swc/wasm": ">=1.2.50",
                "@types/node": "*",
                "typescript": ">=2.7"
            },
            "peerDependenciesMeta": {
                "@swc/core": {
                    "optional": true
                },
                "@swc/wasm": {
                    "optional": true
                }
            }
        },
        "../../node_modules/.pnpm/typescript@4.8.3/node_modules/typescript": {
            "version": "4.8.3",
            "dev": true,
            "license": "Apache-2.0",
            "bin": {
                "tsc": "bin/tsc",
                "tsserver": "bin/tsserver"
            },
            "devDependencies": {
                "@octokit/rest": "latest",
                "@types/chai": "latest",
                "@types/convert-source-map": "latest",
                "@types/fs-extra": "^9.0.13",
                "@types/glob": "latest",
                "@types/gulp": "^4.0.9",
                "@types/gulp-concat": "latest",
                "@types/gulp-newer": "latest",
                "@types/gulp-rename": "latest",
                "@types/gulp-sourcemaps": "latest",
                "@types/merge2": "latest",
                "@types/microsoft__typescript-etw": "latest",
                "@types/minimatch": "latest",
                "@types/minimist": "latest",
                "@types/mkdirp": "latest",
                "@types/mocha": "latest",
                "@types/ms": "latest",
                "@types/node": "latest",
                "@types/node-fetch": "^2.6.2",
                "@types/q": "latest",
                "@types/source-map-support": "latest",
                "@types/xml2js": "^0.4.11",
                "@typescript-eslint/eslint-plugin": "^5.28.0",
                "@typescript-eslint/parser": "^5.28.0",
                "@typescript-eslint/utils": "^5.28.0",
                "async": "latest",
                "azure-devops-node-api": "^11.1.1",
                "chai": "latest",
                "chalk": "^4.1.2",
                "convert-source-map": "latest",
                "del": "6.1.1",
                "diff": "^5.1.0",
                "eslint": "8.17.0",
                "eslint-formatter-autolinkable-stylish": "1.2.0",
                "eslint-plugin-import": "2.26.0",
                "eslint-plugin-jsdoc": "39.3.2",
                "eslint-plugin-no-null": "1.0.2",
                "fancy-log": "latest",
                "fs-extra": "^9.1.0",
                "glob": "latest",
                "gulp": "^4.0.2",
                "gulp-concat": "latest",
                "gulp-insert": "latest",
                "gulp-newer": "latest",
                "gulp-rename": "latest",
                "gulp-sourcemaps": "latest",
                "merge2": "latest",
                "minimist": "latest",
                "mkdirp": "latest",
                "mocha": "latest",
                "mocha-fivemat-progress-reporter": "latest",
                "ms": "^2.1.3",
                "node-fetch": "^2.6.7",
                "prex": "^0.4.7",
                "q": "latest",
                "source-map-support": "latest",
                "typescript": "^4.5.5",
                "vinyl": "latest",
                "vinyl-sourcemaps-apply": "latest",
                "xml2js": "^0.4.23"
            },
            "engines": {
                "node": ">=4.2.0"
            }
        },
        "node_modules/@types/jest": {
            "resolved": "../../node_modules/.pnpm/@types+jest@29.0.3/node_modules/@types/jest",
            "link": true
        },
        "node_modules/@types/node": {
            "resolved": "../../node_modules/.pnpm/@types+node@14.18.29/node_modules/@types/node",
            "link": true
        },
        "node_modules/@types/supertest": {
            "resolved": "../../node_modules/.pnpm/@types+supertest@2.0.12/node_modules/@types/supertest",
            "link": true
        },
        "node_modules/@types/tmp": {
            "resolved": "../../node_modules/.pnpm/@types+tmp@0.2.3/node_modules/@types/tmp",
            "link": true
        },
        "node_modules/jest": {
            "resolved": "../../node_modules/.pnpm/jest@29.0.3_johvxhudwcpndp4mle25vwrlq4/node_modules/jest",
            "link": true
        },
        "node_modules/next": {
            "resolved": "../../node_modules/.pnpm/next@12.3.1_6tziyx3dehkoeijunclpkpolha/node_modules/next",
            "link": true
        },
        "node_modules/supertest": {
            "resolved": "../../node_modules/.pnpm/supertest@6.3.0/node_modules/supertest",
            "link": true
        },
        "node_modules/tmp": {
            "resolved": "../../node_modules/.pnpm/tmp@0.2.1/node_modules/tmp",
            "link": true
        },
        "node_modules/ts-jest": {
            "resolved": "../../node_modules/.pnpm/ts-jest@29.0.1_poggjixajg6vd6yquly7s7dsj4/node_modules/ts-jest",
            "link": true
        },
        "node_modules/ts-node": {
            "resolved": "../../node_modules/.pnpm/ts-node@10.9.1_ck2axrxkiif44rdbzjywaqjysa/node_modules/ts-node",
            "link": true
        },
        "node_modules/typescript": {
            "resolved": "../../node_modules/.pnpm/typescript@4.8.3/node_modules/typescript",
            "link": true
        }
    },
    "dependencies": {
        "@types/jest": {
            "version": "file:../../node_modules/.pnpm/@types+jest@29.0.3/node_modules/@types/jest",
            "requires": {
                "expect": "^29.0.0",
                "pretty-format": "^29.0.0"
            }
        },
        "@types/node": {
            "version": "file:../../node_modules/.pnpm/@types+node@14.18.29/node_modules/@types/node"
        },
        "@types/supertest": {
            "version": "file:../../node_modules/.pnpm/@types+supertest@2.0.12/node_modules/@types/supertest",
            "requires": {
                "@types/superagent": "*"
            }
        },
        "@types/tmp": {
            "version": "file:../../node_modules/.pnpm/@types+tmp@0.2.3/node_modules/@types/tmp"
        },
        "jest": {
            "version": "file:../../node_modules/.pnpm/jest@29.0.3_johvxhudwcpndp4mle25vwrlq4/node_modules/jest",
            "requires": {
                "@jest/core": "^29.0.3",
                "@jest/types": "^29.0.3",
                "@tsd/typescript": "~4.8.2",
                "import-local": "^3.0.2",
                "jest-cli": "^29.0.3",
                "tsd-lite": "^0.6.0"
            }
        },
        "next": {
            "version": "file:../../node_modules/.pnpm/next@12.3.1_6tziyx3dehkoeijunclpkpolha/node_modules/next",
            "requires": {
                "@ampproject/toolbox-optimizer": "2.8.3",
                "@babel/code-frame": "7.12.11",
                "@babel/core": "7.18.0",
                "@babel/eslint-parser": "7.18.2",
                "@babel/generator": "7.18.0",
                "@babel/plugin-proposal-class-properties": "7.14.5",
                "@babel/plugin-proposal-export-namespace-from": "7.14.5",
                "@babel/plugin-proposal-numeric-separator": "7.14.5",
                "@babel/plugin-proposal-object-rest-spread": "7.14.7",
                "@babel/plugin-syntax-bigint": "7.8.3",
                "@babel/plugin-syntax-dynamic-import": "7.8.3",
                "@babel/plugin-syntax-import-assertions": "7.16.7",
                "@babel/plugin-syntax-jsx": "7.14.5",
                "@babel/plugin-transform-modules-commonjs": "7.18.0",
                "@babel/plugin-transform-runtime": "7.18.0",
                "@babel/preset-env": "7.18.0",
                "@babel/preset-react": "7.14.5",
                "@babel/preset-typescript": "7.17.12",
                "@babel/runtime": "7.15.4",
                "@babel/traverse": "7.18.0",
                "@babel/types": "7.18.0",
                "@edge-runtime/primitives": "1.1.0-beta.31",
                "@hapi/accept": "5.0.2",
                "@napi-rs/cli": "2.7.0",
                "@napi-rs/triples": "1.1.0",
                "@next/env": "12.3.1",
                "@next/polyfill-module": "12.3.1",
                "@next/polyfill-nomodule": "12.3.1",
                "@next/react-dev-overlay": "12.3.1",
                "@next/react-refresh-utils": "12.3.1",
                "@next/swc": "12.3.1",
                "@next/swc-android-arm-eabi": "12.3.1",
                "@next/swc-android-arm64": "12.3.1",
                "@next/swc-darwin-arm64": "12.3.1",
                "@next/swc-darwin-x64": "12.3.1",
                "@next/swc-freebsd-x64": "12.3.1",
                "@next/swc-linux-arm-gnueabihf": "12.3.1",
                "@next/swc-linux-arm64-gnu": "12.3.1",
                "@next/swc-linux-arm64-musl": "12.3.1",
                "@next/swc-linux-x64-gnu": "12.3.1",
                "@next/swc-linux-x64-musl": "12.3.1",
                "@next/swc-win32-arm64-msvc": "12.3.1",
                "@next/swc-win32-ia32-msvc": "12.3.1",
                "@next/swc-win32-x64-msvc": "12.3.1",
                "@segment/ajv-human-errors": "2.1.2",
                "@swc/helpers": "0.4.11",
                "@taskr/clear": "1.1.0",
                "@taskr/esnext": "1.1.0",
                "@taskr/watch": "1.1.0",
                "@types/amphtml-validator": "1.0.0",
                "@types/babel__code-frame": "7.0.2",
                "@types/babel__core": "7.1.12",
                "@types/babel__generator": "7.6.2",
                "@types/babel__template": "7.4.0",
                "@types/babel__traverse": "7.11.0",
                "@types/bytes": "3.1.1",
                "@types/ci-info": "2.0.0",
                "@types/compression": "0.0.36",
                "@types/content-disposition": "0.5.4",
                "@types/content-type": "1.1.3",
                "@types/cookie": "0.3.3",
                "@types/cross-spawn": "6.0.0",
                "@types/debug": "4.1.5",
                "@types/fresh": "0.5.0",
                "@types/glob": "7.1.1",
                "@types/jsonwebtoken": "8.3.7",
                "@types/lodash": "4.14.149",
                "@types/lodash.curry": "4.1.6",
                "@types/lru-cache": "5.1.0",
                "@types/micromatch": "4.0.2",
                "@types/node-fetch": "2.6.1",
                "@types/path-to-regexp": "1.7.0",
                "@types/react": "16.9.17",
                "@types/react-dom": "16.9.4",
                "@types/react-is": "16.7.1",
                "@types/semver": "7.3.1",
                "@types/send": "0.14.4",
                "@types/tar": "4.0.3",
                "@types/text-table": "0.2.1",
                "@types/ua-parser-js": "0.7.36",
                "@types/uuid": "8.3.1",
                "@types/webpack-sources1": "npm:@types/webpack-sources@0.1.5",
                "@types/ws": "8.2.0",
                "@vercel/ncc": "0.34.0",
                "@vercel/nft": "0.22.1",
                "acorn": "8.5.0",
                "ajv": "8.11.0",
                "amphtml-validator": "1.0.35",
                "arg": "4.1.0",
                "assert": "2.0.0",
                "async-retry": "1.2.3",
                "async-sema": "3.0.0",
                "babel-plugin-transform-define": "2.0.0",
                "babel-plugin-transform-react-remove-prop-types": "0.4.24",
                "browserify-zlib": "0.2.0",
                "browserslist": "4.20.2",
                "buffer": "5.6.0",
                "bytes": "3.1.1",
                "caniuse-lite": "^1.0.30001406",
                "chalk": "2.4.2",
                "ci-info": "watson/ci-info#f43f6a1cefff47fb361c88cf4b943fdbcaafe540",
                "cli-select": "1.1.2",
                "comment-json": "3.0.3",
                "compression": "1.7.4",
                "conf": "5.0.0",
                "constants-browserify": "1.0.0",
                "content-disposition": "0.5.3",
                "content-type": "1.0.4",
                "cookie": "0.4.1",
                "cross-spawn": "6.0.5",
                "crypto-browserify": "3.12.0",
                "cssnano-simple": "3.0.1",
                "debug": "4.1.1",
                "devalue": "2.0.1",
                "domain-browser": "4.19.0",
                "edge-runtime": "1.1.0-beta.31",
                "events": "3.3.0",
                "find-cache-dir": "3.3.1",
                "find-up": "4.1.0",
                "fresh": "0.5.2",
                "get-orientation": "1.1.2",
                "glob": "7.1.7",
                "gzip-size": "5.1.1",
                "http-proxy": "1.18.1",
                "https-browserify": "1.0.0",
                "icss-utils": "5.1.0",
                "ignore-loader": "0.1.2",
                "image-size": "1.0.0",
                "is-docker": "2.0.0",
                "is-wsl": "2.2.0",
                "jest-worker": "27.0.0-next.5",
                "json5": "2.2.1",
                "jsonwebtoken": "8.5.1",
                "loader-utils2": "npm:loader-utils@2.0.0",
                "loader-utils3": "npm:loader-utils@3.1.3",
                "lodash.curry": "4.1.1",
                "lru-cache": "5.1.1",
                "micromatch": "4.0.4",
                "mini-css-extract-plugin": "2.4.3",
                "nanoid": "3.1.32",
                "native-url": "0.3.4",
                "neo-async": "2.6.1",
                "node-fetch": "2.6.7",
                "node-html-parser": "5.3.3",
                "ora": "4.0.4",
                "os-browserify": "0.3.0",
                "p-limit": "3.1.0",
                "path-browserify": "1.0.1",
                "path-to-regexp": "6.1.0",
                "postcss": "8.4.14",
                "postcss-flexbugs-fixes": "5.0.2",
                "postcss-modules-extract-imports": "3.0.0",
                "postcss-modules-local-by-default": "4.0.0",
                "postcss-modules-scope": "3.0.0",
                "postcss-modules-values": "4.0.0",
                "postcss-preset-env": "7.4.3",
                "postcss-safe-parser": "6.0.0",
                "postcss-scss": "4.0.3",
                "postcss-value-parser": "4.2.0",
                "process": "0.11.10",
                "punycode": "2.1.1",
                "querystring-es3": "0.2.1",
                "raw-body": "2.4.1",
                "react-is": "17.0.2",
                "react-refresh": "0.12.0",
                "react-server-dom-webpack": "0.0.0-experimental-8951c5fc9-20220915",
                "regenerator-runtime": "0.13.4",
                "sass-loader": "12.4.0",
                "schema-utils2": "npm:schema-utils@2.7.1",
                "schema-utils3": "npm:schema-utils@3.0.0",
                "semver": "7.3.2",
                "send": "0.17.1",
                "setimmediate": "1.0.5",
                "source-map": "0.6.1",
                "stream-browserify": "3.0.0",
                "stream-http": "3.1.1",
                "string_decoder": "1.3.0",
                "string-hash": "1.1.3",
                "strip-ansi": "6.0.0",
                "styled-jsx": "5.0.7",
                "tar": "6.1.11",
                "taskr": "1.1.0",
                "terser": "5.14.1",
                "text-table": "0.2.0",
                "timers-browserify": "2.0.12",
                "tty-browserify": "0.0.1",
                "ua-parser-js": "0.7.28",
                "unistore": "3.4.1",
                "use-sync-external-store": "1.2.0",
                "util": "0.12.4",
                "uuid": "8.3.2",
                "vm-browserify": "1.1.2",
                "watchpack": "2.4.0",
                "web-vitals": "3.0.0",
                "webpack": "5.74.0",
                "webpack-sources1": "npm:webpack-sources@1.4.3",
                "webpack-sources3": "npm:webpack-sources@3.2.3",
                "ws": "8.2.3"
            }
        },
        "supertest": {
            "version": "file:../../node_modules/.pnpm/supertest@6.3.0/node_modules/supertest",
            "requires": {
                "body-parser": "^1.20.0",
                "cookie-parser": "^1.4.6",
                "eslint": "^8.18.0",
                "eslint-config-airbnb-base": "^15.0.0",
                "eslint-plugin-import": "^2.26.0",
                "express": "^4.18.1",
                "methods": "^1.1.2",
                "mocha": "^10.0.0",
                "nock": "^13.2.8",
                "nyc": "^15.1.0",
                "proxyquire": "^2.1.3",
                "should": "^13.2.3",
                "superagent": "^8.0.0"
            }
        },
        "tmp": {
            "version": "file:../../node_modules/.pnpm/tmp@0.2.1/node_modules/tmp",
            "requires": {
                "eslint": "^6.3.0",
                "eslint-plugin-mocha": "^6.1.1",
                "istanbul": "^0.4.5",
                "lerna-changelog": "^1.0.1",
                "mocha": "^6.2.0",
                "rimraf": "^3.0.0"
            }
        },
        "ts-jest": {
            "version": "file:../../node_modules/.pnpm/ts-jest@29.0.1_poggjixajg6vd6yquly7s7dsj4/node_modules/ts-jest",
            "requires": {
                "@commitlint/cli": "17.x",
                "@commitlint/config-angular": "^17.1.0",
                "@jest/transform": "^29.0.3",
                "@jest/types": "^29.0.3",
                "@types/babel__core": "7.x",
                "@types/cross-spawn": "latest",
                "@types/fs-extra": "latest",
                "@types/js-yaml": "latest",
                "@types/lodash.camelcase": "4.x",
                "@types/lodash.memoize": "4.x",
                "@types/lodash.set": "4.x",
                "@types/micromatch": "4.x",
                "@types/node": "17.0.35",
                "@types/node-fetch": "^3.0.3",
                "@types/react": "18.x",
                "@types/rimraf": "^3.0.2",
                "@types/semver": "latest",
                "@types/yargs": "latest",
                "@types/yargs-parser": "21.x",
                "@typescript-eslint/eslint-plugin": "^5.37.0",
                "@typescript-eslint/parser": "^5.37.0",
                "babel-jest": "^29.0.3",
                "bs-logger": "0.x",
                "conventional-changelog-cli": "2.x",
                "cross-spawn": "latest",
                "esbuild": "~0.15.7",
                "eslint": "^8.23.1",
                "eslint-config-prettier": "latest",
                "eslint-plugin-import": "latest",
                "eslint-plugin-jest": "latest",
                "eslint-plugin-jsdoc": "latest",
                "eslint-plugin-prefer-arrow": "latest",
                "eslint-plugin-prettier": "latest",
                "execa": "5.1.1",
                "fast-json-stable-stringify": "2.x",
                "fs-extra": "10.x",
                "glob": "^8.0.3",
                "glob-gitignore": "latest",
                "husky": "4.x",
                "jest": "^29.0.3",
                "jest-snapshot-serializer-raw": "^1.2.0",
                "jest-util": "^29.0.0",
                "js-yaml": "latest",
                "json-schema-to-typescript": "^11.0.2",
                "json5": "^2.2.1",
                "lint-staged": "latest",
                "lodash.camelcase": "^4.3.0",
                "lodash.memoize": "4.x",
                "lodash.set": "^4.3.2",
                "make-error": "1.x",
                "node-fetch": "^3.2.10",
                "prettier": "^2.7.1",
                "semver": "7.x",
                "typescript": "~4.8.3",
                "yargs-parser": "^21.0.1"
            }
        },
        "ts-node": {
            "version": "file:../../node_modules/.pnpm/ts-node@10.9.1_ck2axrxkiif44rdbzjywaqjysa/node_modules/ts-node",
            "requires": {
                "@cspotcode/source-map-support": "^0.8.0",
                "@microsoft/api-extractor": "^7.19.4",
                "@swc/core": ">=1.2.205",
                "@swc/wasm": ">=1.2.205",
                "@tsconfig/node10": "^1.0.7",
                "@tsconfig/node12": "^1.0.7",
                "@tsconfig/node14": "^1.0.0",
                "@tsconfig/node16": "^1.0.2",
                "@types/diff": "^4.0.2",
                "@types/lodash": "^4.14.151",
                "@types/node": "13.13.5",
                "@types/proper-lockfile": "^4.1.2",
                "@types/proxyquire": "^1.3.28",
                "@types/react": "^16.14.19",
                "@types/rimraf": "^3.0.0",
                "@types/semver": "^7.1.0",
                "@yarnpkg/fslib": "^2.4.0",
                "acorn": "^8.4.1",
                "acorn-walk": "^8.1.1",
                "arg": "^4.1.0",
                "ava": "^3.15.0",
                "axios": "^0.21.1",
                "create-require": "^1.1.0",
                "diff": "^4.0.1",
                "dprint": "^0.25.0",
                "expect": "^27.0.2",
                "get-stream": "^6.0.0",
                "lodash": "^4.17.15",
                "make-error": "^1.1.1",
                "ntypescript": "^1.201507091536.1",
                "nyc": "^15.0.1",
                "outdent": "^0.8.0",
                "proper-lockfile": "^4.1.2",
                "proxyquire": "^2.0.0",
                "react": "^16.14.0",
                "rimraf": "^3.0.0",
                "semver": "^7.1.3",
                "throat": "^6.0.1",
                "typedoc": "^0.22.10",
                "typescript": "4.7.4",
                "typescript-json-schema": "^0.53.0",
                "util.promisify": "^1.0.1",
                "v8-compile-cache-lib": "^3.0.1",
                "yn": "3.1.1"
            }
        },
        "typescript": {
            "version": "file:../../node_modules/.pnpm/typescript@4.8.3/node_modules/typescript",
            "requires": {
                "@octokit/rest": "latest",
                "@types/chai": "latest",
                "@types/convert-source-map": "latest",
                "@types/fs-extra": "^9.0.13",
                "@types/glob": "latest",
                "@types/gulp": "^4.0.9",
                "@types/gulp-concat": "latest",
                "@types/gulp-newer": "latest",
                "@types/gulp-rename": "latest",
                "@types/gulp-sourcemaps": "latest",
                "@types/merge2": "latest",
                "@types/microsoft__typescript-etw": "latest",
                "@types/minimatch": "latest",
                "@types/minimist": "latest",
                "@types/mkdirp": "latest",
                "@types/mocha": "latest",
                "@types/ms": "latest",
                "@types/node": "latest",
                "@types/node-fetch": "^2.6.2",
                "@types/q": "latest",
                "@types/source-map-support": "latest",
                "@types/xml2js": "^0.4.11",
                "@typescript-eslint/eslint-plugin": "^5.28.0",
                "@typescript-eslint/parser": "^5.28.0",
                "@typescript-eslint/utils": "^5.28.0",
                "async": "latest",
                "azure-devops-node-api": "^11.1.1",
                "chai": "latest",
                "chalk": "^4.1.2",
                "convert-source-map": "latest",
                "del": "6.1.1",
                "diff": "^5.1.0",
                "eslint": "8.17.0",
                "eslint-formatter-autolinkable-stylish": "1.2.0",
                "eslint-plugin-import": "2.26.0",
                "eslint-plugin-jsdoc": "39.3.2",
                "eslint-plugin-no-null": "1.0.2",
                "fancy-log": "latest",
                "fs-extra": "^9.1.0",
                "glob": "latest",
                "gulp": "^4.0.2",
                "gulp-concat": "latest",
                "gulp-insert": "latest",
                "gulp-newer": "latest",
                "gulp-rename": "latest",
                "gulp-sourcemaps": "latest",
                "merge2": "latest",
                "minimist": "latest",
                "mkdirp": "latest",
                "mocha": "latest",
                "mocha-fivemat-progress-reporter": "latest",
                "ms": "^2.1.3",
                "node-fetch": "^2.6.7",
                "prex": "^0.4.7",
                "q": "latest",
                "source-map-support": "latest",
                "typescript": "^4.5.5",
                "vinyl": "latest",
                "vinyl-sourcemaps-apply": "latest",
                "xml2js": "^0.4.23"
            }
        }
    }
}
