{
    "name": "@zenstackhq/runtime",
    "version": "0.1.19",
    "lockfileVersion": 2,
    "requires": true,
    "packages": {
        "": {
            "name": "@zenstackhq/runtime",
            "version": "0.1.19",
            "license": "MIT",
            "dependencies": {
                "@zenstackhq/internal": "latest"
            },
            "peerDependencies": {
                "@types/bcryptjs": "^2.4.2",
                "bcryptjs": "^2.4.3"
            }
        },
        "node_modules/@next/env": {
            "version": "12.3.1",
            "resolved": "https://registry.npmjs.org/@next/env/-/env-12.3.1.tgz",
            "integrity": "sha512-9P9THmRFVKGKt9DYqeC2aKIxm8rlvkK38V1P1sRE7qyoPBIs8l9oo79QoSdPtOWfzkbDAVUqvbQGgTMsb8BtJg==",
            "peer": true
        },
        "node_modules/@next/swc-darwin-arm64": {
            "version": "12.3.1",
            "resolved": "https://registry.npmjs.org/@next/swc-darwin-arm64/-/swc-darwin-arm64-12.3.1.tgz",
            "integrity": "sha512-hT/EBGNcu0ITiuWDYU9ur57Oa4LybD5DOQp4f22T6zLfpoBMfBibPtR8XktXmOyFHrL/6FC2p9ojdLZhWhvBHg==",
            "cpu": [
                "arm64"
            ],
            "optional": true,
            "os": [
                "darwin"
            ],
            "peer": true,
            "engines": {
                "node": ">= 10"
            }
        },
        "node_modules/@swc/helpers": {
            "version": "0.4.11",
            "resolved": "https://registry.npmjs.org/@swc/helpers/-/helpers-0.4.11.tgz",
            "integrity": "sha512-rEUrBSGIoSFuYxwBYtlUFMlE2CwGhmW+w9355/5oduSw8e5h2+Tj4UrAGNNgP9915++wj5vkQo0UuOBqOAq4nw==",
            "peer": true,
            "dependencies": {
                "tslib": "^2.4.0"
            }
        },
        "node_modules/@types/bcryptjs": {
            "version": "2.4.2",
            "resolved": "https://registry.npmjs.org/@types/bcryptjs/-/bcryptjs-2.4.2.tgz",
            "integrity": "sha512-LiMQ6EOPob/4yUL66SZzu6Yh77cbzJFYll+ZfaPiPPFswtIlA/Fs1MzdKYA7JApHU49zQTbJGX3PDmCpIdDBRQ==",
            "peer": true
        },
        "node_modules/@zenstackhq/internal": {
            "version": "0.1.21",
            "resolved": "https://registry.npmjs.org/@zenstackhq/internal/-/internal-0.1.21.tgz",
            "integrity": "sha512-N+7450WUFSOTS1ZU5ySJ/U+4CMZ8thg5ZFzy1FAMIFT67k08/7D4Cw1sbA1yqaH6v5Ynirj36VWf9LFmi90qQw==",
            "dependencies": {
                "bcryptjs": "^2.4.3",
                "deepcopy": "^2.1.0",
                "swr": "^1.3.0",
                "uuid": "^9.0.0"
            },
            "peerDependencies": {
                "next": "12.3.1",
                "react": "^17.0.2 || ^18",
                "react-dom": "^17.0.2 || ^18"
            }
        },
        "node_modules/bcryptjs": {
            "version": "2.4.3",
            "resolved": "https://registry.npmjs.org/bcryptjs/-/bcryptjs-2.4.3.tgz",
            "integrity": "sha512-V/Hy/X9Vt7f3BbPJEi8BdVFMByHi+jNXrYkW3huaybV/kQ0KJg0Y6PkEMbn+zeT+i+SiKZ/HMqJGIIt4LZDqNQ=="
        },
        "node_modules/caniuse-lite": {
            "version": "1.0.30001418",
            "resolved": "https://registry.npmjs.org/caniuse-lite/-/caniuse-lite-1.0.30001418.tgz",
            "integrity": "sha512-oIs7+JL3K9JRQ3jPZjlH6qyYDp+nBTCais7hjh0s+fuBwufc7uZ7hPYMXrDOJhV360KGMTcczMRObk0/iMqZRg==",
            "funding": [
                {
                    "type": "opencollective",
                    "url": "https://opencollective.com/browserslist"
                },
                {
                    "type": "tidelift",
                    "url": "https://tidelift.com/funding/github/npm/caniuse-lite"
                }
            ],
            "peer": true
        },
        "node_modules/deepcopy": {
            "version": "2.1.0",
            "resolved": "https://registry.npmjs.org/deepcopy/-/deepcopy-2.1.0.tgz",
            "integrity": "sha512-8cZeTb1ZKC3bdSCP6XOM1IsTczIO73fdqtwa2B0N15eAz7gmyhQo+mc5gnFuulsgN3vIQYmTgbmQVKalH1dKvQ==",
            "dependencies": {
                "type-detect": "^4.0.8"
            }
        },
        "node_modules/js-tokens": {
            "version": "4.0.0",
            "resolved": "https://registry.npmjs.org/js-tokens/-/js-tokens-4.0.0.tgz",
            "integrity": "sha512-RdJUflcE3cUzKiMqQgsCu06FPu9UdIJO0beYbPhHN4k6apgJtifcoCtT9bcxOpYBtpD2kCM6Sbzg4CausW/PKQ==",
            "peer": true
        },
        "node_modules/loose-envify": {
            "version": "1.4.0",
            "resolved": "https://registry.npmjs.org/loose-envify/-/loose-envify-1.4.0.tgz",
            "integrity": "sha512-lyuxPGr/Wfhrlem2CL/UcnUc1zcqKAImBDzukY7Y5F/yQiNdko6+fRLevlw1HgMySw7f611UIY408EtxRSoK3Q==",
            "peer": true,
            "dependencies": {
                "js-tokens": "^3.0.0 || ^4.0.0"
            },
            "bin": {
                "loose-envify": "cli.js"
            }
        },
        "node_modules/nanoid": {
            "version": "3.3.4",
            "resolved": "https://registry.npmjs.org/nanoid/-/nanoid-3.3.4.tgz",
            "integrity": "sha512-MqBkQh/OHTS2egovRtLk45wEyNXwF+cokD+1YPf9u5VfJiRdAiRwB2froX5Co9Rh20xs4siNPm8naNotSD6RBw==",
            "peer": true,
            "bin": {
                "nanoid": "bin/nanoid.cjs"
            },
            "engines": {
                "node": "^10 || ^12 || ^13.7 || ^14 || >=15.0.1"
            }
        },
        "node_modules/next": {
            "version": "12.3.1",
            "resolved": "https://registry.npmjs.org/next/-/next-12.3.1.tgz",
            "integrity": "sha512-l7bvmSeIwX5lp07WtIiP9u2ytZMv7jIeB8iacR28PuUEFG5j0HGAPnMqyG5kbZNBG2H7tRsrQ4HCjuMOPnANZw==",
            "peer": true,
            "dependencies": {
                "@next/env": "12.3.1",
                "@swc/helpers": "0.4.11",
                "caniuse-lite": "^1.0.30001406",
                "postcss": "8.4.14",
                "styled-jsx": "5.0.7",
                "use-sync-external-store": "1.2.0"
            },
            "bin": {
                "next": "dist/bin/next"
            },
            "engines": {
                "node": ">=12.22.0"
            },
            "optionalDependencies": {
                "@next/swc-android-arm-eabi": "12.3.1",
                "@next/swc-android-arm64": "12.3.1",
                "@next/swc-darwin-arm64": "12.3.1",
                "@next/swc-darwin-x64": "12.3.1",
                "@next/swc-freebsd-x64": "12.3.1",
                "@next/swc-linux-arm-gnueabihf": "12.3.1",
                "@next/swc-linux-arm64-gnu": "12.3.1",
                "@next/swc-linux-arm64-musl": "12.3.1",
                "@next/swc-linux-x64-gnu": "12.3.1",
                "@next/swc-linux-x64-musl": "12.3.1",
                "@next/swc-win32-arm64-msvc": "12.3.1",
                "@next/swc-win32-ia32-msvc": "12.3.1",
                "@next/swc-win32-x64-msvc": "12.3.1"
            },
            "peerDependencies": {
                "fibers": ">= 3.1.0",
                "node-sass": "^6.0.0 || ^7.0.0",
                "react": "^17.0.2 || ^18.0.0-0",
                "react-dom": "^17.0.2 || ^18.0.0-0",
                "sass": "^1.3.0"
            },
            "peerDependenciesMeta": {
                "fibers": {
                    "optional": true
                },
                "node-sass": {
                    "optional": true
                },
                "sass": {
                    "optional": true
                }
            }
        },
        "node_modules/picocolors": {
            "version": "1.0.0",
            "resolved": "https://registry.npmjs.org/picocolors/-/picocolors-1.0.0.tgz",
            "integrity": "sha512-1fygroTLlHu66zi26VoTDv8yRgm0Fccecssto+MhsZ0D/DGW2sm8E8AjW7NU5VVTRt5GxbeZ5qBuJr+HyLYkjQ==",
            "peer": true
        },
        "node_modules/postcss": {
            "version": "8.4.14",
            "resolved": "https://registry.npmjs.org/postcss/-/postcss-8.4.14.tgz",
            "integrity": "sha512-E398TUmfAYFPBSdzgeieK2Y1+1cpdxJx8yXbK/m57nRhKSmk1GB2tO4lbLBtlkfPQTDKfe4Xqv1ASWPpayPEig==",
            "funding": [
                {
                    "type": "opencollective",
                    "url": "https://opencollective.com/postcss/"
                },
                {
                    "type": "tidelift",
                    "url": "https://tidelift.com/funding/github/npm/postcss"
                }
            ],
            "peer": true,
            "dependencies": {
                "nanoid": "^3.3.4",
                "picocolors": "^1.0.0",
                "source-map-js": "^1.0.2"
            },
            "engines": {
                "node": "^10 || ^12 || >=14"
            }
        },
        "node_modules/react": {
            "version": "18.2.0",
            "resolved": "https://registry.npmjs.org/react/-/react-18.2.0.tgz",
            "integrity": "sha512-/3IjMdb2L9QbBdWiW5e3P2/npwMBaU9mHCSCUzNln0ZCYbcfTsGbTJrU/kGemdH2IWmB2ioZ+zkxtmq6g09fGQ==",
            "peer": true,
            "dependencies": {
                "loose-envify": "^1.1.0"
            },
            "engines": {
                "node": ">=0.10.0"
            }
        },
        "node_modules/react-dom": {
            "version": "18.2.0",
            "resolved": "https://registry.npmjs.org/react-dom/-/react-dom-18.2.0.tgz",
            "integrity": "sha512-6IMTriUmvsjHUjNtEDudZfuDQUoWXVxKHhlEGSk81n4YFS+r/Kl99wXiwlVXtPBtJenozv2P+hxDsw9eA7Xo6g==",
            "peer": true,
            "dependencies": {
                "loose-envify": "^1.1.0",
                "scheduler": "^0.23.0"
            },
            "peerDependencies": {
                "react": "^18.2.0"
            }
        },
        "node_modules/scheduler": {
            "version": "0.23.0",
            "resolved": "https://registry.npmjs.org/scheduler/-/scheduler-0.23.0.tgz",
            "integrity": "sha512-CtuThmgHNg7zIZWAXi3AsyIzA3n4xx7aNyjwC2VJldO2LMVDhFK+63xGqq6CsJH4rTAt6/M+N4GhZiDYPx9eUw==",
            "peer": true,
            "dependencies": {
                "loose-envify": "^1.1.0"
            }
        },
        "node_modules/source-map-js": {
            "version": "1.0.2",
            "resolved": "https://registry.npmjs.org/source-map-js/-/source-map-js-1.0.2.tgz",
            "integrity": "sha512-R0XvVJ9WusLiqTCEiGCmICCMplcCkIwwR11mOSD9CR5u+IXYdiseeEuXCVAjS54zqwkLcPNnmU4OeJ6tUrWhDw==",
            "peer": true,
            "engines": {
                "node": ">=0.10.0"
            }
        },
        "node_modules/styled-jsx": {
            "version": "5.0.7",
            "resolved": "https://registry.npmjs.org/styled-jsx/-/styled-jsx-5.0.7.tgz",
            "integrity": "sha512-b3sUzamS086YLRuvnaDigdAewz1/EFYlHpYBP5mZovKEdQQOIIYq8lApylub3HHZ6xFjV051kkGU7cudJmrXEA==",
            "peer": true,
            "engines": {
                "node": ">= 12.0.0"
            },
            "peerDependencies": {
                "react": ">= 16.8.0 || 17.x.x || ^18.0.0-0"
            },
            "peerDependenciesMeta": {
                "@babel/core": {
                    "optional": true
                },
                "babel-plugin-macros": {
                    "optional": true
                }
            }
        },
        "node_modules/swr": {
            "version": "1.3.0",
            "resolved": "https://registry.npmjs.org/swr/-/swr-1.3.0.tgz",
            "integrity": "sha512-dkghQrOl2ORX9HYrMDtPa7LTVHJjCTeZoB1dqTbnnEDlSvN8JEKpYIYurDfvbQFUUS8Cg8PceFVZNkW0KNNYPw==",
            "peerDependencies": {
                "react": "^16.11.0 || ^17.0.0 || ^18.0.0"
            }
        },
        "node_modules/tslib": {
            "version": "2.4.0",
            "resolved": "https://registry.npmjs.org/tslib/-/tslib-2.4.0.tgz",
            "integrity": "sha512-d6xOpEDfsi2CZVlPQzGeux8XMwLT9hssAsaPYExaQMuYskwb+x1x7J371tWlbBdWHroy99KnVB6qIkUbs5X3UQ==",
            "peer": true
        },
        "node_modules/type-detect": {
            "version": "4.0.8",
            "resolved": "https://registry.npmjs.org/type-detect/-/type-detect-4.0.8.tgz",
            "integrity": "sha512-0fr/mIH1dlO+x7TlcMy+bIDqKPsw/70tVyeHW787goQjhmqaZe10uwLujubK9q9Lg6Fiho1KUKDYz0Z7k7g5/g==",
            "engines": {
                "node": ">=4"
            }
        },
        "node_modules/use-sync-external-store": {
            "version": "1.2.0",
            "resolved": "https://registry.npmjs.org/use-sync-external-store/-/use-sync-external-store-1.2.0.tgz",
            "integrity": "sha512-eEgnFxGQ1Ife9bzYs6VLi8/4X6CObHMw9Qr9tPY43iKwsPw8xE8+EFsf/2cFZ5S3esXgpWgtSCtLNS41F+sKPA==",
            "peer": true,
            "peerDependencies": {
                "react": "^16.8.0 || ^17.0.0 || ^18.0.0"
            }
        },
        "node_modules/uuid": {
            "version": "9.0.0",
            "resolved": "https://registry.npmjs.org/uuid/-/uuid-9.0.0.tgz",
            "integrity": "sha512-MXcSTerfPa4uqyzStbRoTgt5XIe3x5+42+q1sDuy3R5MDk66URdLMOZe5aPX/SQd+kuYAh0FdP/pO28IkQyTeg==",
            "bin": {
                "uuid": "dist/bin/uuid"
            }
        }
    },
    "dependencies": {
        "@next/env": {
            "version": "12.3.1",
            "resolved": "https://registry.npmjs.org/@next/env/-/env-12.3.1.tgz",
            "integrity": "sha512-9P9THmRFVKGKt9DYqeC2aKIxm8rlvkK38V1P1sRE7qyoPBIs8l9oo79QoSdPtOWfzkbDAVUqvbQGgTMsb8BtJg==",
            "peer": true
        },
        "@next/swc-darwin-arm64": {
            "version": "12.3.1",
            "resolved": "https://registry.npmjs.org/@next/swc-darwin-arm64/-/swc-darwin-arm64-12.3.1.tgz",
            "integrity": "sha512-hT/EBGNcu0ITiuWDYU9ur57Oa4LybD5DOQp4f22T6zLfpoBMfBibPtR8XktXmOyFHrL/6FC2p9ojdLZhWhvBHg==",
            "optional": true,
            "peer": true
        },
        "@swc/helpers": {
            "version": "0.4.11",
            "resolved": "https://registry.npmjs.org/@swc/helpers/-/helpers-0.4.11.tgz",
            "integrity": "sha512-rEUrBSGIoSFuYxwBYtlUFMlE2CwGhmW+w9355/5oduSw8e5h2+Tj4UrAGNNgP9915++wj5vkQo0UuOBqOAq4nw==",
            "peer": true,
            "requires": {
                "tslib": "^2.4.0"
            }
        },
        "@types/bcryptjs": {
            "version": "2.4.2",
            "resolved": "https://registry.npmjs.org/@types/bcryptjs/-/bcryptjs-2.4.2.tgz",
            "integrity": "sha512-LiMQ6EOPob/4yUL66SZzu6Yh77cbzJFYll+ZfaPiPPFswtIlA/Fs1MzdKYA7JApHU49zQTbJGX3PDmCpIdDBRQ==",
            "peer": true
        },
        "@zenstackhq/internal": {
            "version": "0.1.21",
            "resolved": "https://registry.npmjs.org/@zenstackhq/internal/-/internal-0.1.21.tgz",
            "integrity": "sha512-N+7450WUFSOTS1ZU5ySJ/U+4CMZ8thg5ZFzy1FAMIFT67k08/7D4Cw1sbA1yqaH6v5Ynirj36VWf9LFmi90qQw==",
            "requires": {
                "bcryptjs": "^2.4.3",
                "deepcopy": "^2.1.0",
                "swr": "^1.3.0",
                "uuid": "^9.0.0"
            }
        },
        "bcryptjs": {
            "version": "2.4.3",
            "resolved": "https://registry.npmjs.org/bcryptjs/-/bcryptjs-2.4.3.tgz",
            "integrity": "sha512-V/Hy/X9Vt7f3BbPJEi8BdVFMByHi+jNXrYkW3huaybV/kQ0KJg0Y6PkEMbn+zeT+i+SiKZ/HMqJGIIt4LZDqNQ=="
        },
        "caniuse-lite": {
            "version": "1.0.30001418",
            "resolved": "https://registry.npmjs.org/caniuse-lite/-/caniuse-lite-1.0.30001418.tgz",
            "integrity": "sha512-oIs7+JL3K9JRQ3jPZjlH6qyYDp+nBTCais7hjh0s+fuBwufc7uZ7hPYMXrDOJhV360KGMTcczMRObk0/iMqZRg==",
            "peer": true
        },
        "deepcopy": {
            "version": "2.1.0",
            "resolved": "https://registry.npmjs.org/deepcopy/-/deepcopy-2.1.0.tgz",
            "integrity": "sha512-8cZeTb1ZKC3bdSCP6XOM1IsTczIO73fdqtwa2B0N15eAz7gmyhQo+mc5gnFuulsgN3vIQYmTgbmQVKalH1dKvQ==",
            "requires": {
                "type-detect": "^4.0.8"
            }
        },
        "js-tokens": {
            "version": "4.0.0",
            "resolved": "https://registry.npmjs.org/js-tokens/-/js-tokens-4.0.0.tgz",
            "integrity": "sha512-RdJUflcE3cUzKiMqQgsCu06FPu9UdIJO0beYbPhHN4k6apgJtifcoCtT9bcxOpYBtpD2kCM6Sbzg4CausW/PKQ==",
            "peer": true
        },
        "loose-envify": {
            "version": "1.4.0",
            "resolved": "https://registry.npmjs.org/loose-envify/-/loose-envify-1.4.0.tgz",
            "integrity": "sha512-lyuxPGr/Wfhrlem2CL/UcnUc1zcqKAImBDzukY7Y5F/yQiNdko6+fRLevlw1HgMySw7f611UIY408EtxRSoK3Q==",
            "peer": true,
            "requires": {
                "js-tokens": "^3.0.0 || ^4.0.0"
            }
        },
        "nanoid": {
            "version": "3.3.4",
            "resolved": "https://registry.npmjs.org/nanoid/-/nanoid-3.3.4.tgz",
            "integrity": "sha512-MqBkQh/OHTS2egovRtLk45wEyNXwF+cokD+1YPf9u5VfJiRdAiRwB2froX5Co9Rh20xs4siNPm8naNotSD6RBw==",
            "peer": true
        },
        "next": {
            "version": "12.3.1",
            "resolved": "https://registry.npmjs.org/next/-/next-12.3.1.tgz",
            "integrity": "sha512-l7bvmSeIwX5lp07WtIiP9u2ytZMv7jIeB8iacR28PuUEFG5j0HGAPnMqyG5kbZNBG2H7tRsrQ4HCjuMOPnANZw==",
            "peer": true,
            "requires": {
                "@next/env": "12.3.1",
                "@next/swc-android-arm-eabi": "12.3.1",
                "@next/swc-android-arm64": "12.3.1",
                "@next/swc-darwin-arm64": "12.3.1",
                "@next/swc-darwin-x64": "12.3.1",
                "@next/swc-freebsd-x64": "12.3.1",
                "@next/swc-linux-arm-gnueabihf": "12.3.1",
                "@next/swc-linux-arm64-gnu": "12.3.1",
                "@next/swc-linux-arm64-musl": "12.3.1",
                "@next/swc-linux-x64-gnu": "12.3.1",
                "@next/swc-linux-x64-musl": "12.3.1",
                "@next/swc-win32-arm64-msvc": "12.3.1",
                "@next/swc-win32-ia32-msvc": "12.3.1",
                "@next/swc-win32-x64-msvc": "12.3.1",
                "@swc/helpers": "0.4.11",
                "caniuse-lite": "^1.0.30001406",
                "postcss": "8.4.14",
                "styled-jsx": "5.0.7",
                "use-sync-external-store": "1.2.0"
            }
        },
        "picocolors": {
            "version": "1.0.0",
            "resolved": "https://registry.npmjs.org/picocolors/-/picocolors-1.0.0.tgz",
            "integrity": "sha512-1fygroTLlHu66zi26VoTDv8yRgm0Fccecssto+MhsZ0D/DGW2sm8E8AjW7NU5VVTRt5GxbeZ5qBuJr+HyLYkjQ==",
            "peer": true
        },
        "postcss": {
            "version": "8.4.14",
            "resolved": "https://registry.npmjs.org/postcss/-/postcss-8.4.14.tgz",
            "integrity": "sha512-E398TUmfAYFPBSdzgeieK2Y1+1cpdxJx8yXbK/m57nRhKSmk1GB2tO4lbLBtlkfPQTDKfe4Xqv1ASWPpayPEig==",
            "peer": true,
            "requires": {
                "nanoid": "^3.3.4",
                "picocolors": "^1.0.0",
                "source-map-js": "^1.0.2"
            }
        },
        "react": {
            "version": "18.2.0",
            "resolved": "https://registry.npmjs.org/react/-/react-18.2.0.tgz",
            "integrity": "sha512-/3IjMdb2L9QbBdWiW5e3P2/npwMBaU9mHCSCUzNln0ZCYbcfTsGbTJrU/kGemdH2IWmB2ioZ+zkxtmq6g09fGQ==",
            "peer": true,
            "requires": {
                "loose-envify": "^1.1.0"
            }
        },
        "react-dom": {
            "version": "18.2.0",
            "resolved": "https://registry.npmjs.org/react-dom/-/react-dom-18.2.0.tgz",
            "integrity": "sha512-6IMTriUmvsjHUjNtEDudZfuDQUoWXVxKHhlEGSk81n4YFS+r/Kl99wXiwlVXtPBtJenozv2P+hxDsw9eA7Xo6g==",
            "peer": true,
            "requires": {
                "loose-envify": "^1.1.0",
                "scheduler": "^0.23.0"
            }
        },
        "scheduler": {
            "version": "0.23.0",
            "resolved": "https://registry.npmjs.org/scheduler/-/scheduler-0.23.0.tgz",
            "integrity": "sha512-CtuThmgHNg7zIZWAXi3AsyIzA3n4xx7aNyjwC2VJldO2LMVDhFK+63xGqq6CsJH4rTAt6/M+N4GhZiDYPx9eUw==",
            "peer": true,
            "requires": {
                "loose-envify": "^1.1.0"
            }
        },
        "source-map-js": {
            "version": "1.0.2",
            "resolved": "https://registry.npmjs.org/source-map-js/-/source-map-js-1.0.2.tgz",
            "integrity": "sha512-R0XvVJ9WusLiqTCEiGCmICCMplcCkIwwR11mOSD9CR5u+IXYdiseeEuXCVAjS54zqwkLcPNnmU4OeJ6tUrWhDw==",
            "peer": true
        },
        "styled-jsx": {
            "version": "5.0.7",
            "resolved": "https://registry.npmjs.org/styled-jsx/-/styled-jsx-5.0.7.tgz",
            "integrity": "sha512-b3sUzamS086YLRuvnaDigdAewz1/EFYlHpYBP5mZovKEdQQOIIYq8lApylub3HHZ6xFjV051kkGU7cudJmrXEA==",
            "peer": true,
            "requires": {}
        },
        "swr": {
            "version": "1.3.0",
            "resolved": "https://registry.npmjs.org/swr/-/swr-1.3.0.tgz",
            "integrity": "sha512-dkghQrOl2ORX9HYrMDtPa7LTVHJjCTeZoB1dqTbnnEDlSvN8JEKpYIYurDfvbQFUUS8Cg8PceFVZNkW0KNNYPw==",
            "requires": {}
        },
        "tslib": {
            "version": "2.4.0",
            "resolved": "https://registry.npmjs.org/tslib/-/tslib-2.4.0.tgz",
            "integrity": "sha512-d6xOpEDfsi2CZVlPQzGeux8XMwLT9hssAsaPYExaQMuYskwb+x1x7J371tWlbBdWHroy99KnVB6qIkUbs5X3UQ==",
            "peer": true
        },
        "type-detect": {
            "version": "4.0.8",
            "resolved": "https://registry.npmjs.org/type-detect/-/type-detect-4.0.8.tgz",
            "integrity": "sha512-0fr/mIH1dlO+x7TlcMy+bIDqKPsw/70tVyeHW787goQjhmqaZe10uwLujubK9q9Lg6Fiho1KUKDYz0Z7k7g5/g=="
        },
        "use-sync-external-store": {
            "version": "1.2.0",
            "resolved": "https://registry.npmjs.org/use-sync-external-store/-/use-sync-external-store-1.2.0.tgz",
            "integrity": "sha512-eEgnFxGQ1Ife9bzYs6VLi8/4X6CObHMw9Qr9tPY43iKwsPw8xE8+EFsf/2cFZ5S3esXgpWgtSCtLNS41F+sKPA==",
            "peer": true,
            "requires": {}
        },
        "uuid": {
            "version": "9.0.0",
            "resolved": "https://registry.npmjs.org/uuid/-/uuid-9.0.0.tgz",
            "integrity": "sha512-MXcSTerfPa4uqyzStbRoTgt5XIe3x5+42+q1sDuy3R5MDk66URdLMOZe5aPX/SQd+kuYAh0FdP/pO28IkQyTeg=="
        }
    }
}
