{
    "name": "test-run",
    "version": "1.0.0",
    "lockfileVersion": 2,
    "requires": true,
    "packages": {
        "": {
            "name": "test-run",
            "version": "1.0.0",
            "license": "ISC",
            "dependencies": {
                "@prisma/client": "^4.7.1",
                "@zenstackhq/runtime": "file:../../../packages/runtime/dist",
                "prisma": "~4.7.0",
                "react": "^18.2.0",
                "swr": "^1.3.0",
                "typescript": "^4.9.3",
                "zenstack": "file:../../../packages/schema/dist",
                "zod": "^3.19.1"
            }
        },
        "../../../../packages/runtime/dist": {
            "name": "@zenstackhq/runtime",
            "version": "0.6.0-pre.11",
            "extraneous": true,
            "license": "MIT",
            "dependencies": {
                "@types/bcryptjs": "^2.4.2",
                "bcryptjs": "^2.4.3",
                "change-case": "^4.1.2",
                "colors": "1.4.0",
                "cuid": "^2.1.8",
                "decimal.js": "^10.4.2",
                "deepcopy": "^2.1.0",
                "superjson": "^1.11.0",
                "swr": "^1.3.0",
                "tslib": "^2.4.1",
                "zod": "^3.19.1",
                "zod-validation-error": "^0.2.1"
            },
            "devDependencies": {
                "@types/bcryptjs": "^2.4.2",
                "@types/jest": "^29.0.3",
                "@types/node": "^14.18.29",
                "rimraf": "^3.0.2",
                "typescript": "^4.9.3"
            },
            "peerDependencies": {
                "@prisma/client": "^4.7.1",
                "next": "^12.3.1 || ^13",
                "react": "^17.0.2 || ^18",
                "react-dom": "^17.0.2 || ^18"
            }
        },
        "../../../../packages/schema/dist": {
            "name": "zenstack",
            "version": "0.6.0-pre.11",
            "extraneous": true,
            "hasInstallScript": true,
            "license": "MIT",
            "dependencies": {
                "@prisma/generator-helper": "^4.7.1",
                "@prisma/internals": "^4.7.1",
                "@zenstackhq/language": "workspace:*",
                "@zenstackhq/runtime": "workspace:*",
                "@zenstackhq/sdk": "workspace:*",
                "async-exit-hook": "^2.0.1",
                "change-case": "^4.1.2",
                "chevrotain": "^9.1.0",
                "colors": "1.4.0",
                "commander": "^8.3.0",
                "cuid": "^2.1.8",
                "langium": "^0.5.0",
                "mixpanel": "^0.17.0",
                "node-machine-id": "^1.1.12",
                "ora": "^5.4.1",
                "pluralize": "^8.0.0",
                "prisma": "~4.7.0",
                "promisify": "^0.0.3",
                "sleep-promise": "^9.1.0",
                "ts-morph": "^16.0.0",
                "uuid": "^9.0.0",
                "vscode-jsonrpc": "^8.0.2",
                "vscode-languageclient": "^8.0.2",
                "vscode-languageserver": "^8.0.2",
                "vscode-languageserver-textdocument": "^1.0.7",
                "vscode-uri": "^3.0.6",
                "zod": "^3.19.1"
            },
            "bin": {
                "zenstack": "bin/cli"
            },
            "devDependencies": {
                "@babel/cli": "^7.19.3",
                "@babel/core": "^7.20.5",
                "@babel/preset-env": "^7.20.2",
                "@babel/preset-typescript": "^7.18.6",
                "@types/async-exit-hook": "^2.0.0",
                "@types/jest": "^29.2.0",
                "@types/node": "^14.18.32",
                "@types/pluralize": "^0.0.29",
                "@types/tmp": "^0.2.3",
                "@types/uuid": "^8.3.4",
                "@types/vscode": "^1.56.0",
                "@typescript-eslint/eslint-plugin": "^5.42.0",
                "@typescript-eslint/parser": "^5.42.0",
                "babel-plugin-inline-dotenv": "^1.7.0",
                "concurrently": "^7.4.0",
                "dotenv": "^16.0.3",
                "esbuild": "^0.15.12",
                "eslint": "^8.27.0",
                "jest": "^29.2.1",
                "langium-cli": "^0.5.0",
                "rimraf": "^3.0.2",
                "tmp": "^0.2.1",
                "ts-jest": "^29.0.3",
                "ts-node": "^10.9.1",
                "tsc-alias": "^1.7.0",
                "tsconfig-paths-jest": "^0.0.1",
                "typescript": "^4.8.4",
                "vsce": "^2.13.0"
            },
            "engines": {
                "vscode": "^1.56.0"
            }
        },
        "../../../packages/runtime/dist": {
            "name": "@zenstackhq/runtime",
            "version": "1.0.0-alpha.28",
            "license": "MIT",
            "dependencies": {
                "@types/bcryptjs": "^2.4.2",
                "@zenstackhq/sdk": "workspace:*",
                "bcryptjs": "^2.4.3",
                "change-case": "^4.1.2",
                "colors": "1.4.0",
                "cuid": "^2.1.8",
                "decimal.js": "^10.4.2",
                "deepcopy": "^2.1.0",
                "superjson": "^1.11.0",
                "swr": "^1.3.0",
                "tslib": "^2.4.1",
                "zod": "^3.19.1",
                "zod-validation-error": "^0.2.1"
            },
            "devDependencies": {
                "@types/bcryptjs": "^2.4.2",
                "@types/jest": "^29.0.3",
                "@types/node": "^14.18.29",
                "copyfiles": "^2.4.1",
                "rimraf": "^3.0.2",
                "typescript": "^4.9.3"
            },
            "peerDependencies": {
                "@prisma/client": "^4.0.0",
                "next": "^12.3.1 || ^13",
                "react": "^17.0.2 || ^18",
                "react-dom": "^17.0.2 || ^18"
            }
        },
        "../../../packages/schema/dist": {
            "name": "zenstack",
            "version": "1.0.0-alpha.28",
            "hasInstallScript": true,
            "license": "MIT",
            "dependencies": {
                "@prisma/generator-helper": "^4.7.1",
                "@prisma/internals": "^4.7.1",
                "@zenstackhq/language": "workspace:*",
                "@zenstackhq/runtime": "workspace:*",
                "@zenstackhq/sdk": "workspace:*",
                "async-exit-hook": "^2.0.1",
                "change-case": "^4.1.2",
                "chevrotain": "^9.1.0",
                "colors": "1.4.0",
                "commander": "^8.3.0",
                "cuid": "^2.1.8",
                "langium": "^1.0.1",
                "mixpanel": "^0.17.0",
                "node-machine-id": "^1.1.12",
                "ora": "^5.4.1",
                "pluralize": "^8.0.0",
                "prisma": "~4.7.0",
                "promisify": "^0.0.3",
                "semver": "^7.3.8",
                "sleep-promise": "^9.1.0",
                "ts-morph": "^16.0.0",
                "uuid": "^9.0.0",
                "vscode-jsonrpc": "^8.0.2",
                "vscode-languageclient": "^8.0.2",
                "vscode-languageserver": "^8.0.2",
                "vscode-languageserver-textdocument": "^1.0.7",
                "vscode-uri": "^3.0.6",
                "zod": "^3.19.1"
            },
            "bin": {
                "zenstack": "bin/cli"
            },
            "devDependencies": {
                "@types/async-exit-hook": "^2.0.0",
                "@types/jest": "^29.2.0",
                "@types/node": "^14.18.32",
                "@types/pluralize": "^0.0.29",
                "@types/semver": "^7.3.13",
                "@types/tmp": "^0.2.3",
                "@types/uuid": "^8.3.4",
                "@types/vscode": "^1.56.0",
                "@typescript-eslint/eslint-plugin": "^5.42.0",
                "@typescript-eslint/parser": "^5.42.0",
                "concurrently": "^7.4.0",
                "copyfiles": "^2.4.1",
                "dotenv": "^16.0.3",
                "esbuild": "^0.15.12",
                "eslint": "^8.27.0",
                "eslint-plugin-jest": "^27.1.7",
                "jest": "^29.2.1",
                "langium-cli": "^1.0.0",
                "renamer": "^4.0.0",
                "rimraf": "^3.0.2",
                "tmp": "^0.2.1",
                "ts-jest": "^29.0.3",
                "ts-node": "^10.9.1",
                "tsc-alias": "^1.7.0",
                "typescript": "^4.8.4",
                "vsce": "^2.13.0"
            },
            "engines": {
                "vscode": "^1.56.0"
            }
        },
        "node_modules/@prisma/client": {
            "version": "4.7.1",
            "hasInstallScript": true,
            "license": "Apache-2.0",
            "dependencies": {
                "@prisma/engines-version": "4.7.1-1.272861e07ab64f234d3ffc4094e32bd61775599c"
            },
            "engines": {
                "node": ">=14.17"
            },
            "peerDependencies": {
                "prisma": "*"
            },
            "peerDependenciesMeta": {
                "prisma": {
                    "optional": true
                }
            }
        },
        "node_modules/@prisma/engines": {
            "version": "4.7.1",
            "hasInstallScript": true,
            "license": "Apache-2.0"
        },
        "node_modules/@prisma/engines-version": {
            "version": "4.7.1-1.272861e07ab64f234d3ffc4094e32bd61775599c",
            "license": "Apache-2.0"
        },
        "node_modules/@zenstackhq/runtime": {
            "resolved": "../../../packages/runtime/dist",
            "link": true
        },
        "node_modules/js-tokens": {
            "version": "4.0.0",
            "license": "MIT"
        },
        "node_modules/loose-envify": {
            "version": "1.4.0",
            "license": "MIT",
            "dependencies": {
                "js-tokens": "^3.0.0 || ^4.0.0"
            },
            "bin": {
                "loose-envify": "cli.js"
            }
        },
        "node_modules/prisma": {
            "version": "4.7.1",
            "hasInstallScript": true,
            "license": "Apache-2.0",
            "dependencies": {
                "@prisma/engines": "4.7.1"
            },
            "bin": {
                "prisma": "build/index.js",
                "prisma2": "build/index.js"
            },
            "engines": {
                "node": ">=14.17"
            }
        },
        "node_modules/react": {
            "version": "18.2.0",
            "license": "MIT",
            "dependencies": {
                "loose-envify": "^1.1.0"
            },
            "engines": {
                "node": ">=0.10.0"
            }
        },
        "node_modules/swr": {
            "version": "1.3.0",
            "license": "MIT",
            "peerDependencies": {
                "react": "^16.11.0 || ^17.0.0 || ^18.0.0"
            }
        },
        "node_modules/typescript": {
            "version": "4.9.3",
            "license": "Apache-2.0",
            "bin": {
                "tsc": "bin/tsc",
                "tsserver": "bin/tsserver"
            },
            "engines": {
                "node": ">=4.2.0"
            }
        },
        "node_modules/zenstack": {
            "resolved": "../../../packages/schema/dist",
            "link": true
        },
        "node_modules/zod": {
            "version": "3.19.1",
            "license": "MIT",
            "funding": {
                "url": "https://github.com/sponsors/colinhacks"
            }
        }
    },
    "dependencies": {
        "@prisma/client": {
            "version": "4.7.1",
            "requires": {
                "@prisma/engines-version": "4.7.1-1.272861e07ab64f234d3ffc4094e32bd61775599c"
            }
        },
        "@prisma/engines": {
            "version": "4.7.1"
        },
        "@prisma/engines-version": {
            "version": "4.7.1-1.272861e07ab64f234d3ffc4094e32bd61775599c"
        },
        "@zenstackhq/runtime": {
            "version": "file:../../../packages/runtime/dist",
            "requires": {
                "@types/bcryptjs": "^2.4.2",
                "@types/jest": "^29.0.3",
                "@types/node": "^14.18.29",
                "@zenstackhq/sdk": "workspace:*",
                "bcryptjs": "^2.4.3",
                "change-case": "^4.1.2",
                "colors": "1.4.0",
                "copyfiles": "^2.4.1",
                "cuid": "^2.1.8",
                "decimal.js": "^10.4.2",
                "deepcopy": "^2.1.0",
                "rimraf": "^3.0.2",
                "superjson": "^1.11.0",
                "swr": "^1.3.0",
                "tslib": "^2.4.1",
                "typescript": "^4.9.3",
                "zod": "^3.19.1",
                "zod-validation-error": "^0.2.1"
            }
        },
        "js-tokens": {
            "version": "4.0.0"
        },
        "loose-envify": {
            "version": "1.4.0",
            "requires": {
                "js-tokens": "^3.0.0 || ^4.0.0"
            }
        },
        "prisma": {
            "version": "4.7.1",
            "requires": {
                "@prisma/engines": "4.7.1"
            }
        },
        "react": {
            "version": "18.2.0",
            "requires": {
                "loose-envify": "^1.1.0"
            }
        },
        "swr": {
            "version": "1.3.0",
            "requires": {}
        },
        "typescript": {
            "version": "4.9.3"
        },
        "zenstack": {
            "version": "file:../../../packages/schema/dist",
            "requires": {
                "@prisma/generator-helper": "^4.7.1",
                "@prisma/internals": "^4.7.1",
                "@types/async-exit-hook": "^2.0.0",
                "@types/jest": "^29.2.0",
                "@types/node": "^14.18.32",
                "@types/pluralize": "^0.0.29",
                "@types/semver": "^7.3.13",
                "@types/tmp": "^0.2.3",
                "@types/uuid": "^8.3.4",
                "@types/vscode": "^1.56.0",
                "@typescript-eslint/eslint-plugin": "^5.42.0",
                "@typescript-eslint/parser": "^5.42.0",
                "@zenstackhq/language": "workspace:*",
                "@zenstackhq/runtime": "workspace:*",
                "@zenstackhq/sdk": "workspace:*",
                "async-exit-hook": "^2.0.1",
                "change-case": "^4.1.2",
                "chevrotain": "^9.1.0",
                "colors": "1.4.0",
                "commander": "^8.3.0",
                "concurrently": "^7.4.0",
                "copyfiles": "^2.4.1",
                "cuid": "^2.1.8",
                "dotenv": "^16.0.3",
                "esbuild": "^0.15.12",
                "eslint": "^8.27.0",
                "eslint-plugin-jest": "^27.1.7",
                "jest": "^29.2.1",
                "langium": "^1.0.1",
                "langium-cli": "^1.0.0",
                "mixpanel": "^0.17.0",
                "node-machine-id": "^1.1.12",
                "ora": "^5.4.1",
                "pluralize": "^8.0.0",
                "prisma": "~4.7.0",
                "promisify": "^0.0.3",
                "renamer": "^4.0.0",
                "rimraf": "^3.0.2",
                "semver": "^7.3.8",
                "sleep-promise": "^9.1.0",
                "tmp": "^0.2.1",
                "ts-jest": "^29.0.3",
                "ts-morph": "^16.0.0",
                "ts-node": "^10.9.1",
                "tsc-alias": "^1.7.0",
                "typescript": "^4.8.4",
                "uuid": "^9.0.0",
                "vsce": "^2.13.0",
                "vscode-jsonrpc": "^8.0.2",
                "vscode-languageclient": "^8.0.2",
                "vscode-languageserver": "^8.0.2",
                "vscode-languageserver-textdocument": "^1.0.7",
                "vscode-uri": "^3.0.6",
                "zod": "^3.19.1"
            }
        },
        "zod": {
            "version": "3.19.1"
        }
    }
}
